
Microsoft Visual Studio Solution File, Format Version 12.00
# Visual Studio Version 16
VisualStudioVersion = 16.0.31911.196
MinimumVisualStudioVersion = 10.0.40219.1
Project("{FAE04EC0-301F-11D3-BF4B-00C04F79EFBC}") = "PosTrack.WEB", "PosTrack.WEB\PosTrack.WEB.csproj", "{56E67498-56D6-4541-BDB3-305147726590}"
EndProject
Global
	GlobalSection(SolutionConfigurationPlatforms) = preSolution
		Debug|Any CPU = Debug|Any CPU
		Release|Any CPU = Release|Any CPU
	EndGlobalSection
	GlobalSection(ProjectConfigurationPlatforms) = postSolution
		{56E67498-56D6-4541-BDB3-305147726590}.Debug|Any CPU.ActiveCfg = Debug|Any CPU
		{56E67498-56D6-4541-BDB3-305147726590}.Debug|Any CPU.Build.0 = Debug|Any CPU
		{56E67498-56D6-4541-BDB3-305147726590}.Release|Any CPU.ActiveCfg = Release|Any CPU
		{56E67498-56D6-4541-BDB3-305147726590}.Release|Any CPU.Build.0 = Release|Any CPU
	EndGlobalSection
	GlobalSection(SolutionProperties) = preSolution
		HideSolutionNode = FALSE
	EndGlobalSection
	GlobalSection(ExtensibilityGlobals) = postSolution
		SolutionGuid = {622F9E7C-EBE8-4465-9591-53C885C05508}
	EndGlobalSection
EndGlobal
